
Microsoft Visual Studio Solution File, Format Version 12.00
# Visual Studio 15
VisualStudioVersion = 15.0.28307.329
MinimumVisualStudioVersion = 10.0.40219.1
Project("{FAE04EC0-301F-11D3-BF4B-00C04F79EFBC}") = "EncryptData", "EncryptData\EncryptData.csproj", "{C747B187-A28F-4897-9166-E04E986379EB}"
EndProject
Global
	GlobalSection(SolutionConfigurationPlatforms) = preSolution
		Debug|Any CPU = Debug|Any CPU
		Release|Any CPU = Release|Any CPU
	EndGlobalSection
	GlobalSection(ProjectConfigurationPlatforms) = postSolution
		{C747B187-A28F-4897-9166-E04E986379EB}.Debug|Any CPU.ActiveCfg = Debug|Any CPU
		{C747B187-A28F-4897-9166-E04E986379EB}.Debug|Any CPU.Build.0 = Debug|Any CPU
		{C747B187-A28F-4897-9166-E04E986379EB}.Release|Any CPU.ActiveCfg = Release|Any CPU
		{C747B187-A28F-4897-9166-E04E986379EB}.Release|Any CPU.Build.0 = Release|Any CPU
	EndGlobalSection
	GlobalSection(SolutionProperties) = preSolution
		HideSolutionNode = FALSE
	EndGlobalSection
	GlobalSection(ExtensibilityGlobals) = postSolution
		SolutionGuid = {7D06602A-6630-4B65-A14E-246E96400339}
	EndGlobalSection
EndGlobal
